// !$*UTF8*$!
{
	archiveVersion = 1;
	classes = {
	};
	objectVersion = 56;
	objects = {

/* Begin PBXBuildFile section */
		2F82CD1F2ED29F4E0012C3C9 /* luminary_frontendApp.swift in Sources */ = {isa = PBXBuildFile; fileRef = 2F82CD1E2ED29F4E0012C3C9 /* luminary_frontendApp.swift */; };
		2F82CD212ED29F4E0012C3C9 /* ContentView.swift in Sources */ = {isa = PBXBuildFile; fileRef = 2F82CD202ED29F4E0012C3C9 /* ContentView.swift */; };
		2F82CD232ED29F510012C3C9 /* Assets.xcassets in Resources */ = {isa = PBXBuildFile; fileRef = 2F82CD222ED29F510012C3C9 /* Assets.xcassets */; };
		2F82CD262ED29F510012C3C9 /* Preview Assets.xcassets in Resources */ = {isa = PBXBuildFile; fileRef = 2F82CD252ED29F510012C3C9 /* Preview Assets.xcassets */; };
		2F82CD302ED29F520012C3C9 /* luminary_frontendTests.swift in Sources */ = {isa = PBXBuildFile; fileRef = 2F82CD2F2ED29F520012C3C9 /* luminary_frontendTests.swift */; };
		2F82CD3A2ED29F520012C3C9 /* luminary_frontendUITests.swift in Sources */ = {isa = PBXBuildFile; fileRef = 2F82CD392ED29F520012C3C9 /* luminary_frontendUITests.swift */; };
		2F82CD3C2ED29F520012C3C9 /* luminary_frontendUITestsLaunchTests.swift in Sources */ = {isa = PBXBuildFile; fileRef = 2F82CD3B2ED29F520012C3C9 /* luminary_frontendUITestsLaunchTests.swift */; };
		2F82CD4A2ED2A1750012C3C9 /* Post.swift in Sources */ = {isa = PBXBuildFile; fileRef = 2F82CD492ED2A1750012C3C9 /* Post.swift */; };
		2F82CD4D2ED2A1A50012C3C9 /* PostListViewModel.swift in Sources */ = {isa = PBXBuildFile; fileRef = 2F82CD4C2ED2A1A50012C3C9 /* PostListViewModel.swift */; };
		2F82CD502ED2A1C50012C3C9 /* NetworkManager.swift in Sources */ = {isa = PBXBuildFile; fileRef = 2F82CD4F2ED2A1C50012C3C9 /* NetworkManager.swift */; };
		2F82CD532ED2A1EF0012C3C9 /* PostListView.swift in Sources */ = {isa = PBXBuildFile; fileRef = 2F82CD522ED2A1EF0012C3C9 /* PostListView.swift */; };
		2F82CD582ED2AC600012C3C9 /* Alamofire in Frameworks */ = {isa = PBXBuildFile; productRef = 2F82CD572ED2AC600012C3C9 /* Alamofire */; };
		525331D02ED2A8A3008D49CD /* ProfileView.swift in Sources */ = {isa = PBXBuildFile; fileRef = 525331CF2ED2A89E008D49CD /* ProfileView.swift */; };
		525331D22ED2A8A9008D49CD /* FeedView.swift in Sources */ = {isa = PBXBuildFile; fileRef = 525331D12ED2A8A5008D49CD /* FeedView.swift */; };
		525331D42ED2A90F008D49CD /* SessionStartView.swift in Sources */ = {isa = PBXBuildFile; fileRef = 525331D32ED2A8FE008D49CD /* SessionStartView.swift */; };
		525331D92ED2A926008D49CD /* SessionFinishedView.swift in Sources */ = {isa = PBXBuildFile; fileRef = 525331D82ED2A923008D49CD /* SessionFinishedView.swift */; };
		525331DB2ED2A94E008D49CD /* SessionActiveView.swift in Sources */ = {isa = PBXBuildFile; fileRef = 525331DA2ED2A94B008D49CD /* SessionActiveView.swift */; };
/* End PBXBuildFile section */

/* Begin PBXContainerItemProxy section */
		2F82CD2C2ED29F520012C3C9 /* PBXContainerItemProxy */ = {
			isa = PBXContainerItemProxy;
			containerPortal = 2F82CD132ED29F4E0012C3C9 /* Project object */;
			proxyType = 1;
			remoteGlobalIDString = 2F82CD1A2ED29F4E0012C3C9;
			remoteInfo = "luminary-frontend";
		};
		2F82CD362ED29F520012C3C9 /* PBXContainerItemProxy */ = {
			isa = PBXContainerItemProxy;
			containerPortal = 2F82CD132ED29F4E0012C3C9 /* Project object */;
			proxyType = 1;
			remoteGlobalIDString = 2F82CD1A2ED29F4E0012C3C9;
			remoteInfo = "luminary-frontend";
		};
/* End PBXContainerItemProxy section */

/* Begin PBXFileReference section */
		2F82CD1B2ED29F4E0012C3C9 /* luminary-frontend.app */ = {isa = PBXFileReference; explicitFileType = wrapper.application; includeInIndex = 0; path = "luminary-frontend.app"; sourceTree = BUILT_PRODUCTS_DIR; };
		2F82CD1E2ED29F4E0012C3C9 /* luminary_frontendApp.swift */ = {isa = PBXFileReference; lastKnownFileType = sourcecode.swift; path = luminary_frontendApp.swift; sourceTree = "<group>"; };
		2F82CD202ED29F4E0012C3C9 /* ContentView.swift */ = {isa = PBXFileReference; lastKnownFileType = sourcecode.swift; path = ContentView.swift; sourceTree = "<group>"; };
		2F82CD222ED29F510012C3C9 /* Assets.xcassets */ = {isa = PBXFileReference; lastKnownFileType = folder.assetcatalog; path = Assets.xcassets; sourceTree = "<group>"; };
		2F82CD252ED29F510012C3C9 /* Preview Assets.xcassets */ = {isa = PBXFileReference; lastKnownFileType = folder.assetcatalog; path = "Preview Assets.xcassets"; sourceTree = "<group>"; };
		2F82CD2B2ED29F520012C3C9 /* luminary-frontendTests.xctest */ = {isa = PBXFileReference; explicitFileType = wrapper.cfbundle; includeInIndex = 0; path = "luminary-frontendTests.xctest"; sourceTree = BUILT_PRODUCTS_DIR; };
		2F82CD2F2ED29F520012C3C9 /* luminary_frontendTests.swift */ = {isa = PBXFileReference; lastKnownFileType = sourcecode.swift; path = luminary_frontendTests.swift; sourceTree = "<group>"; };
		2F82CD352ED29F520012C3C9 /* luminary-frontendUITests.xctest */ = {isa = PBXFileReference; explicitFileType = wrapper.cfbundle; includeInIndex = 0; path = "luminary-frontendUITests.xctest"; sourceTree = BUILT_PRODUCTS_DIR; };
		2F82CD392ED29F520012C3C9 /* luminary_frontendUITests.swift */ = {isa = PBXFileReference; lastKnownFileType = sourcecode.swift; path = luminary_frontendUITests.swift; sourceTree = "<group>"; };
		2F82CD3B2ED29F520012C3C9 /* luminary_frontendUITestsLaunchTests.swift */ = {isa = PBXFileReference; lastKnownFileType = sourcecode.swift; path = luminary_frontendUITestsLaunchTests.swift; sourceTree = "<group>"; };
		2F82CD492ED2A1750012C3C9 /* Post.swift */ = {isa = PBXFileReference; lastKnownFileType = sourcecode.swift; path = Post.swift; sourceTree = "<group>"; };
		2F82CD4C2ED2A1A50012C3C9 /* PostListViewModel.swift */ = {isa = PBXFileReference; lastKnownFileType = sourcecode.swift; path = PostListViewModel.swift; sourceTree = "<group>"; };
		2F82CD4F2ED2A1C50012C3C9 /* NetworkManager.swift */ = {isa = PBXFileReference; lastKnownFileType = sourcecode.swift; path = NetworkManager.swift; sourceTree = "<group>"; };
		2F82CD522ED2A1EF0012C3C9 /* PostListView.swift */ = {isa = PBXFileReference; lastKnownFileType = sourcecode.swift; path = PostListView.swift; sourceTree = "<group>"; };
		525331CF2ED2A89E008D49CD /* ProfileView.swift */ = {isa = PBXFileReference; lastKnownFileType = sourcecode.swift; path = ProfileView.swift; sourceTree = "<group>"; };
		525331D12ED2A8A5008D49CD /* FeedView.swift */ = {isa = PBXFileReference; lastKnownFileType = sourcecode.swift; path = FeedView.swift; sourceTree = "<group>"; };
		525331D32ED2A8FE008D49CD /* SessionStartView.swift */ = {isa = PBXFileReference; lastKnownFileType = sourcecode.swift; path = SessionStartView.swift; sourceTree = "<group>"; };
		525331D82ED2A923008D49CD /* SessionFinishedView.swift */ = {isa = PBXFileReference; lastKnownFileType = sourcecode.swift; path = SessionFinishedView.swift; sourceTree = "<group>"; };
		525331DA2ED2A94B008D49CD /* SessionActiveView.swift */ = {isa = PBXFileReference; lastKnownFileType = sourcecode.swift; path = SessionActiveView.swift; sourceTree = "<group>"; };
/* End PBXFileReference section */

/* Begin PBXFrameworksBuildPhase section */
		2F82CD182ED29F4E0012C3C9 /* Frameworks */ = {
			isa = PBXFrameworksBuildPhase;
			buildActionMask = 2147483647;
			files = (
				2F82CD582ED2AC600012C3C9 /* Alamofire in Frameworks */,
			);
			runOnlyForDeploymentPostprocessing = 0;
		};
		2F82CD282ED29F520012C3C9 /* Frameworks */ = {
			isa = PBXFrameworksBuildPhase;
			buildActionMask = 2147483647;
			files = (
			);
			runOnlyForDeploymentPostprocessing = 0;
		};
		2F82CD322ED29F520012C3C9 /* Frameworks */ = {
			isa = PBXFrameworksBuildPhase;
			buildActionMask = 2147483647;
			files = (
			);
			runOnlyForDeploymentPostprocessing = 0;
		};
/* End PBXFrameworksBuildPhase section */

/* Begin PBXGroup section */
		2F82CD122ED29F4E0012C3C9 = {
			isa = PBXGroup;
			children = (
				2F82CD1D2ED29F4E0012C3C9 /* luminary-frontend */,
				2F82CD2E2ED29F520012C3C9 /* luminary-frontendTests */,
				2F82CD382ED29F520012C3C9 /* luminary-frontendUITests */,
				2F82CD1C2ED29F4E0012C3C9 /* Products */,
			);
			sourceTree = "<group>";
		};
		2F82CD1C2ED29F4E0012C3C9 /* Products */ = {
			isa = PBXGroup;
			children = (
				2F82CD1B2ED29F4E0012C3C9 /* luminary-frontend.app */,
				2F82CD2B2ED29F520012C3C9 /* luminary-frontendTests.xctest */,
				2F82CD352ED29F520012C3C9 /* luminary-frontendUITests.xctest */,
			);
			name = Products;
			sourceTree = "<group>";
		};
		2F82CD1D2ED29F4E0012C3C9 /* luminary-frontend */ = {
			isa = PBXGroup;
			children = (
				2F82CD512ED2A1D80012C3C9 /* Views */,
				2F82CD4E2ED2A1B50012C3C9 /* Networking */,
				2F82CD4B2ED2A18D0012C3C9 /* ViewModels */,
				2F82CD482ED2A1460012C3C9 /* Models */,
				2F82CD1E2ED29F4E0012C3C9 /* luminary_frontendApp.swift */,
				2F82CD222ED29F510012C3C9 /* Assets.xcassets */,
				2F82CD242ED29F510012C3C9 /* Preview Content */,
			);
			path = "luminary-frontend";
			sourceTree = "<group>";
		};
		2F82CD242ED29F510012C3C9 /* Preview Content */ = {
			isa = PBXGroup;
			children = (
				2F82CD252ED29F510012C3C9 /* Preview Assets.xcassets */,
			);
			path = "Preview Content";
			sourceTree = "<group>";
		};
		2F82CD2E2ED29F520012C3C9 /* luminary-frontendTests */ = {
			isa = PBXGroup;
			children = (
				2F82CD2F2ED29F520012C3C9 /* luminary_frontendTests.swift */,
			);
			path = "luminary-frontendTests";
			sourceTree = "<group>";
		};
		2F82CD382ED29F520012C3C9 /* luminary-frontendUITests */ = {
			isa = PBXGroup;
			children = (
				2F82CD392ED29F520012C3C9 /* luminary_frontendUITests.swift */,
				2F82CD3B2ED29F520012C3C9 /* luminary_frontendUITestsLaunchTests.swift */,
			);
			path = "luminary-frontendUITests";
			sourceTree = "<group>";
		};
		2F82CD482ED2A1460012C3C9 /* Models */ = {
			isa = PBXGroup;
			children = (
				2F82CD492ED2A1750012C3C9 /* Post.swift */,
			);
			path = Models;
			sourceTree = "<group>";
		};
		2F82CD4B2ED2A18D0012C3C9 /* ViewModels */ = {
			isa = PBXGroup;
			children = (
				2F82CD4C2ED2A1A50012C3C9 /* PostListViewModel.swift */,
			);
			path = ViewModels;
			sourceTree = "<group>";
		};
		2F82CD4E2ED2A1B50012C3C9 /* Networking */ = {
			isa = PBXGroup;
			children = (
				2F82CD4F2ED2A1C50012C3C9 /* NetworkManager.swift */,
			);
			path = Networking;
			sourceTree = "<group>";
		};
		2F82CD512ED2A1D80012C3C9 /* Views */ = {
			isa = PBXGroup;
			children = (
				525331DA2ED2A94B008D49CD /* SessionActiveView.swift */,
				525331D82ED2A923008D49CD /* SessionFinishedView.swift */,
				525331D32ED2A8FE008D49CD /* SessionStartView.swift */,
				525331D12ED2A8A5008D49CD /* FeedView.swift */,
				525331CF2ED2A89E008D49CD /* ProfileView.swift */,
				2F82CD522ED2A1EF0012C3C9 /* PostListView.swift */,
				2F82CD202ED29F4E0012C3C9 /* ContentView.swift */,
			);
			path = Views;
			sourceTree = "<group>";
		};
/* End PBXGroup section */

/* Begin PBXNativeTarget section */
		2F82CD1A2ED29F4E0012C3C9 /* luminary-frontend */ = {
			isa = PBXNativeTarget;
			buildConfigurationList = 2F82CD3F2ED29F520012C3C9 /* Build configuration list for PBXNativeTarget "luminary-frontend" */;
			buildPhases = (
				2F82CD172ED29F4E0012C3C9 /* Sources */,
				2F82CD182ED29F4E0012C3C9 /* Frameworks */,
				2F82CD192ED29F4E0012C3C9 /* Resources */,
			);
			buildRules = (
			);
			dependencies = (
			);
			name = "luminary-frontend";
			packageProductDependencies = (
				2F82CD572ED2AC600012C3C9 /* Alamofire */,
			);
			productName = "luminary-frontend";
			productReference = 2F82CD1B2ED29F4E0012C3C9 /* luminary-frontend.app */;
			productType = "com.apple.product-type.application";
		};
		2F82CD2A2ED29F520012C3C9 /* luminary-frontendTests */ = {
			isa = PBXNativeTarget;
			buildConfigurationList = 2F82CD422ED29F520012C3C9 /* Build configuration list for PBXNativeTarget "luminary-frontendTests" */;
			buildPhases = (
				2F82CD272ED29F520012C3C9 /* Sources */,
				2F82CD282ED29F520012C3C9 /* Frameworks */,
				2F82CD292ED29F520012C3C9 /* Resources */,
			);
			buildRules = (
			);
			dependencies = (
				2F82CD2D2ED29F520012C3C9 /* PBXTargetDependency */,
			);
			name = "luminary-frontendTests";
			productName = "luminary-frontendTests";
			productReference = 2F82CD2B2ED29F520012C3C9 /* luminary-frontendTests.xctest */;
			productType = "com.apple.product-type.bundle.unit-test";
		};
		2F82CD342ED29F520012C3C9 /* luminary-frontendUITests */ = {
			isa = PBXNativeTarget;
			buildConfigurationList = 2F82CD452ED29F520012C3C9 /* Build configuration list for PBXNativeTarget "luminary-frontendUITests" */;
			buildPhases = (
				2F82CD312ED29F520012C3C9 /* Sources */,
				2F82CD322ED29F520012C3C9 /* Frameworks */,
				2F82CD332ED29F520012C3C9 /* Resources */,
			);
			buildRules = (
			);
			dependencies = (
				2F82CD372ED29F520012C3C9 /* PBXTargetDependency */,
			);
			name = "luminary-frontendUITests";
			productName = "luminary-frontendUITests";
			productReference = 2F82CD352ED29F520012C3C9 /* luminary-frontendUITests.xctest */;
			productType = "com.apple.product-type.bundle.ui-testing";
		};
/* End PBXNativeTarget section */

/* Begin PBXProject section */
		2F82CD132ED29F4E0012C3C9 /* Project object */ = {
			isa = PBXProject;
			attributes = {
				BuildIndependentTargetsInParallel = 1;
				LastSwiftUpdateCheck = 1420;
				LastUpgradeCheck = 1420;
				TargetAttributes = {
					2F82CD1A2ED29F4E0012C3C9 = {
						CreatedOnToolsVersion = 14.2;
					};
					2F82CD2A2ED29F520012C3C9 = {
						CreatedOnToolsVersion = 14.2;
						TestTargetID = 2F82CD1A2ED29F4E0012C3C9;
					};
					2F82CD342ED29F520012C3C9 = {
						CreatedOnToolsVersion = 14.2;
						TestTargetID = 2F82CD1A2ED29F4E0012C3C9;
					};
				};
			};
			buildConfigurationList = 2F82CD162ED29F4E0012C3C9 /* Build configuration list for PBXProject "luminary-frontend" */;
			compatibilityVersion = "Xcode 14.0";
			developmentRegion = en;
			hasScannedForEncodings = 0;
			knownRegions = (
				en,
				Base,
			);
			mainGroup = 2F82CD122ED29F4E0012C3C9;
			packageReferences = (
				2F82CD562ED2AC600012C3C9 /* XCRemoteSwiftPackageReference "Alamofire" */,
			);
			productRefGroup = 2F82CD1C2ED29F4E0012C3C9 /* Products */;
			projectDirPath = "";
			projectRoot = "";
			targets = (
				2F82CD1A2ED29F4E0012C3C9 /* luminary-frontend */,
				2F82CD2A2ED29F520012C3C9 /* luminary-frontendTests */,
				2F82CD342ED29F520012C3C9 /* luminary-frontendUITests */,
			);
		};
/* End PBXProject section */

/* Begin PBXResourcesBuildPhase section */
		2F82CD192ED29F4E0012C3C9 /* Resources */ = {
			isa = PBXResourcesBuildPhase;
			buildActionMask = 2147483647;
			files = (
				2F82CD262ED29F510012C3C9 /* Preview Assets.xcassets in Resources */,
				2F82CD232ED29F510012C3C9 /* Assets.xcassets in Resources */,
			);
			runOnlyForDeploymentPostprocessing = 0;
		};
		2F82CD292ED29F520012C3C9 /* Resources */ = {
			isa = PBXResourcesBuildPhase;
			buildActionMask = 2147483647;
			files = (
			);
			runOnlyForDeploymentPostprocessing = 0;
		};
		2F82CD332ED29F520012C3C9 /* Resources */ = {
			isa = PBXResourcesBuildPhase;
			buildActionMask = 2147483647;
			files = (
			);
			runOnlyForDeploymentPostprocessing = 0;
		};
/* End PBXResourcesBuildPhase section */

/* Begin PBXSourcesBuildPhase section */
		2F82CD172ED29F4E0012C3C9 /* Sources */ = {
			isa = PBXSourcesBuildPhase;
			buildActionMask = 2147483647;
			files = (
				525331D22ED2A8A9008D49CD /* FeedView.swift in Sources */,
				525331D42ED2A90F008D49CD /* SessionStartView.swift in Sources */,
				2F82CD4D2ED2A1A50012C3C9 /* PostListViewModel.swift in Sources */,
				525331DB2ED2A94E008D49CD /* SessionActiveView.swift in Sources */,
				525331D92ED2A926008D49CD /* SessionFinishedView.swift in Sources */,
				2F82CD4A2ED2A1750012C3C9 /* Post.swift in Sources */,
				2F82CD502ED2A1C50012C3C9 /* NetworkManager.swift in Sources */,
				2F82CD212ED29F4E0012C3C9 /* ContentView.swift in Sources */,
				2F82CD532ED2A1EF0012C3C9 /* PostListView.swift in Sources */,
				525331D02ED2A8A3008D49CD /* ProfileView.swift in Sources */,
				2F82CD1F2ED29F4E0012C3C9 /* luminary_frontendApp.swift in Sources */,
			);
			runOnlyForDeploymentPostprocessing = 0;
		};
		2F82CD272ED29F520012C3C9 /* Sources */ = {
			isa = PBXSourcesBuildPhase;
			buildActionMask = 2147483647;
			files = (
				2F82CD302ED29F520012C3C9 /* luminary_frontendTests.swift in Sources */,
			);
			runOnlyForDeploymentPostprocessing = 0;
		};
		2F82CD312ED29F520012C3C9 /* Sources */ = {
			isa = PBXSourcesBuildPhase;
			buildActionMask = 2147483647;
			files = (
				2F82CD3A2ED29F520012C3C9 /* luminary_frontendUITests.swift in Sources */,
				2F82CD3C2ED29F520012C3C9 /* luminary_frontendUITestsLaunchTests.swift in Sources */,
			);
			runOnlyForDeploymentPostprocessing = 0;
		};
/* End PBXSourcesBuildPhase section */

/* Begin PBXTargetDependency section */
		2F82CD2D2ED29F520012C3C9 /* PBXTargetDependency */ = {
			isa = PBXTargetDependency;
			target = 2F82CD1A2ED29F4E0012C3C9 /* luminary-frontend */;
			targetProxy = 2F82CD2C2ED29F520012C3C9 /* PBXContainerItemProxy */;
		};
		2F82CD372ED29F520012C3C9 /* PBXTargetDependency */ = {
			isa = PBXTargetDependency;
			target = 2F82CD1A2ED29F4E0012C3C9 /* luminary-frontend */;
			targetProxy = 2F82CD362ED29F520012C3C9 /* PBXContainerItemProxy */;
		};
/* End PBXTargetDependency section */

/* Begin XCBuildConfiguration section */
		2F82CD3D2ED29F520012C3C9 /* Debug */ = {
			isa = XCBuildConfiguration;
			buildSettings = {
				ALWAYS_SEARCH_USER_PATHS = NO;
				CLANG_ANALYZER_NONNULL = YES;
				CLANG_ANALYZER_NUMBER_OBJECT_CONVERSION = YES_AGGRESSIVE;
				CLANG_CXX_LANGUAGE_STANDARD = "gnu++20";
				CLANG_ENABLE_MODULES = YES;
				CLANG_ENABLE_OBJC_ARC = YES;
				CLANG_ENABLE_OBJC_WEAK = YES;
				CLANG_WARN_BLOCK_CAPTURE_AUTORELEASING = YES;
				CLANG_WARN_BOOL_CONVERSION = YES;
				CLANG_WARN_COMMA = YES;
				CLANG_WARN_CONSTANT_CONVERSION = YES;
				CLANG_WARN_DEPRECATED_OBJC_IMPLEMENTATIONS = YES;
				CLANG_WARN_DIRECT_OBJC_ISA_USAGE = YES_ERROR;
				CLANG_WARN_DOCUMENTATION_COMMENTS = YES;
				CLANG_WARN_EMPTY_BODY = YES;
				CLANG_WARN_ENUM_CONVERSION = YES;
				CLANG_WARN_INFINITE_RECURSION = YES;
				CLANG_WARN_INT_CONVERSION = YES;
				CLANG_WARN_NON_LITERAL_NULL_CONVERSION = YES;
				CLANG_WARN_OBJC_IMPLICIT_RETAIN_SELF = YES;
				CLANG_WARN_OBJC_LITERAL_CONVERSION = YES;
				CLANG_WARN_OBJC_ROOT_CLASS = YES_ERROR;
				CLANG_WARN_QUOTED_INCLUDE_IN_FRAMEWORK_HEADER = YES;
				CLANG_WARN_RANGE_LOOP_ANALYSIS = YES;
				CLANG_WARN_STRICT_PROTOTYPES = YES;
				CLANG_WARN_SUSPICIOUS_MOVE = YES;
				CLANG_WARN_UNGUARDED_AVAILABILITY = YES_AGGRESSIVE;
				CLANG_WARN_UNREACHABLE_CODE = YES;
				CLANG_WARN__DUPLICATE_METHOD_MATCH = YES;
				COPY_PHASE_STRIP = NO;
				DEBUG_INFORMATION_FORMAT = dwarf;
				ENABLE_STRICT_OBJC_MSGSEND = YES;
				ENABLE_TESTABILITY = YES;
				GCC_C_LANGUAGE_STANDARD = gnu11;
				GCC_DYNAMIC_NO_PIC = NO;
				GCC_NO_COMMON_BLOCKS = YES;
				GCC_OPTIMIZATION_LEVEL = 0;
				GCC_PREPROCESSOR_DEFINITIONS = (
					"DEBUG=1",
					"$(inherited)",
				);
				GCC_WARN_64_TO_32_BIT_CONVERSION = YES;
				GCC_WARN_ABOUT_RETURN_TYPE = YES_ERROR;
				GCC_WARN_UNDECLARED_SELECTOR = YES;
				GCC_WARN_UNINITIALIZED_AUTOS = YES_AGGRESSIVE;
				GCC_WARN_UNUSED_FUNCTION = YES;
				GCC_WARN_UNUSED_VARIABLE = YES;
				IPHONEOS_DEPLOYMENT_TARGET = 16.2;
				MTL_ENABLE_DEBUG_INFO = INCLUDE_SOURCE;
				MTL_FAST_MATH = YES;
				ONLY_ACTIVE_ARCH = YES;
				SDKROOT = iphoneos;
				SWIFT_ACTIVE_COMPILATION_CONDITIONS = DEBUG;
				SWIFT_OPTIMIZATION_LEVEL = "-Onone";
			};
			name = Debug;
		};
		2F82CD3E2ED29F520012C3C9 /* Release */ = {
			isa = XCBuildConfiguration;
			buildSettings = {
				ALWAYS_SEARCH_USER_PATHS = NO;
				CLANG_ANALYZER_NONNULL = YES;
				CLANG_ANALYZER_NUMBER_OBJECT_CONVERSION = YES_AGGRESSIVE;
				CLANG_CXX_LANGUAGE_STANDARD = "gnu++20";
				CLANG_ENABLE_MODULES = YES;
				CLANG_ENABLE_OBJC_ARC = YES;
				CLANG_ENABLE_OBJC_WEAK = YES;
				CLANG_WARN_BLOCK_CAPTURE_AUTORELEASING = YES;
				CLANG_WARN_BOOL_CONVERSION = YES;
				CLANG_WARN_COMMA = YES;
				CLANG_WARN_CONSTANT_CONVERSION = YES;
				CLANG_WARN_DEPRECATED_OBJC_IMPLEMENTATIONS = YES;
				CLANG_WARN_DIRECT_OBJC_ISA_USAGE = YES_ERROR;
				CLANG_WARN_DOCUMENTATION_COMMENTS = YES;
				CLANG_WARN_EMPTY_BODY = YES;
				CLANG_WARN_ENUM_CONVERSION = YES;
				CLANG_WARN_INFINITE_RECURSION = YES;
				CLANG_WARN_INT_CONVERSION = YES;
				CLANG_WARN_NON_LITERAL_NULL_CONVERSION = YES;
				CLANG_WARN_OBJC_IMPLICIT_RETAIN_SELF = YES;
				CLANG_WARN_OBJC_LITERAL_CONVERSION = YES;
				CLANG_WARN_OBJC_ROOT_CLASS = YES_ERROR;
				CLANG_WARN_QUOTED_INCLUDE_IN_FRAMEWORK_HEADER = YES;
				CLANG_WARN_RANGE_LOOP_ANALYSIS = YES;
				CLANG_WARN_STRICT_PROTOTYPES = YES;
				CLANG_WARN_SUSPICIOUS_MOVE = YES;
				CLANG_WARN_UNGUARDED_AVAILABILITY = YES_AGGRESSIVE;
				CLANG_WARN_UNREACHABLE_CODE = YES;
				CLANG_WARN__DUPLICATE_METHOD_MATCH = YES;
				COPY_PHASE_STRIP = NO;
				DEBUG_INFORMATION_FORMAT = "dwarf-with-dsym";
				ENABLE_NS_ASSERTIONS = NO;
				ENABLE_STRICT_OBJC_MSGSEND = YES;
				GCC_C_LANGUAGE_STANDARD = gnu11;
				GCC_NO_COMMON_BLOCKS = YES;
				GCC_WARN_64_TO_32_BIT_CONVERSION = YES;
				GCC_WARN_ABOUT_RETURN_TYPE = YES_ERROR;
				GCC_WARN_UNDECLARED_SELECTOR = YES;
				GCC_WARN_UNINITIALIZED_AUTOS = YES_AGGRESSIVE;
				GCC_WARN_UNUSED_FUNCTION = YES;
				GCC_WARN_UNUSED_VARIABLE = YES;
				IPHONEOS_DEPLOYMENT_TARGET = 16.2;
				MTL_ENABLE_DEBUG_INFO = NO;
				MTL_FAST_MATH = YES;
				SDKROOT = iphoneos;
				SWIFT_COMPILATION_MODE = wholemodule;
				SWIFT_OPTIMIZATION_LEVEL = "-O";
				VALIDATE_PRODUCT = YES;
			};
			name = Release;
		};
		2F82CD402ED29F520012C3C9 /* Debug */ = {
			isa = XCBuildConfiguration;
			buildSettings = {
				ASSETCATALOG_COMPILER_APPICON_NAME = AppIcon;
				ASSETCATALOG_COMPILER_GLOBAL_ACCENT_COLOR_NAME = AccentColor;
				CODE_SIGN_STYLE = Automatic;
				CURRENT_PROJECT_VERSION = 1;
				DEVELOPMENT_ASSET_PATHS = "\"luminary-frontend/Preview Content\"";
				ENABLE_PREVIEWS = YES;
				GENERATE_INFOPLIST_FILE = YES;
				INFOPLIST_KEY_UIApplicationSceneManifest_Generation = YES;
				INFOPLIST_KEY_UIApplicationSupportsIndirectInputEvents = YES;
				INFOPLIST_KEY_UILaunchScreen_Generation = YES;
				INFOPLIST_KEY_UISupportedInterfaceOrientations_iPad = "UIInterfaceOrientationPortrait UIInterfaceOrientationPortraitUpsideDown UIInterfaceOrientationLandscapeLeft UIInterfaceOrientationLandscapeRight";
				INFOPLIST_KEY_UISupportedInterfaceOrientations_iPhone = "UIInterfaceOrientationPortrait UIInterfaceOrientationLandscapeLeft UIInterfaceOrientationLandscapeRight";
				LD_RUNPATH_SEARCH_PATHS = (
					"$(inherited)",
					"@executable_path/Frameworks",
				);
				MARKETING_VERSION = 1.0;
				PRODUCT_BUNDLE_IDENTIFIER = "klu6-tch87.luminary-frontend";
				PRODUCT_NAME = "$(TARGET_NAME)";
				SWIFT_EMIT_LOC_STRINGS = YES;
				SWIFT_VERSION = 5.0;
				TARGETED_DEVICE_FAMILY = "1,2";
			};
			name = Debug;
		};
		2F82CD412ED29F520012C3C9 /* Release */ = {
			isa = XCBuildConfiguration;
			buildSettings = {
				ASSETCATALOG_COMPILER_APPICON_NAME = AppIcon;
				ASSETCATALOG_COMPILER_GLOBAL_ACCENT_COLOR_NAME = AccentColor;
				CODE_SIGN_STYLE = Automatic;
				CURRENT_PROJECT_VERSION = 1;
				DEVELOPMENT_ASSET_PATHS = "\"luminary-frontend/Preview Content\"";
				ENABLE_PREVIEWS = YES;
				GENERATE_INFOPLIST_FILE = YES;
				INFOPLIST_KEY_UIApplicationSceneManifest_Generation = YES;
				INFOPLIST_KEY_UIApplicationSupportsIndirectInputEvents = YES;
				INFOPLIST_KEY_UILaunchScreen_Generation = YES;
				INFOPLIST_KEY_UISupportedInterfaceOrientations_iPad = "UIInterfaceOrientationPortrait UIInterfaceOrientationPortraitUpsideDown UIInterfaceOrientationLandscapeLeft UIInterfaceOrientationLandscapeRight";
				INFOPLIST_KEY_UISupportedInterfaceOrientations_iPhone = "UIInterfaceOrientationPortrait UIInterfaceOrientationLandscapeLeft UIInterfaceOrientationLandscapeRight";
				LD_RUNPATH_SEARCH_PATHS = (
					"$(inherited)",
					"@executable_path/Frameworks",
				);
				MARKETING_VERSION = 1.0;
				PRODUCT_BUNDLE_IDENTIFIER = "klu6-tch87.luminary-frontend";
				PRODUCT_NAME = "$(TARGET_NAME)";
				SWIFT_EMIT_LOC_STRINGS = YES;
				SWIFT_VERSION = 5.0;
				TARGETED_DEVICE_FAMILY = "1,2";
			};
			name = Release;
		};
		2F82CD432ED29F520012C3C9 /* Debug */ = {
			isa = XCBuildConfiguration;
			buildSettings = {
				ALWAYS_EMBED_SWIFT_STANDARD_LIBRARIES = YES;
				BUNDLE_LOADER = "$(TEST_HOST)";
				CODE_SIGN_STYLE = Automatic;
				CURRENT_PROJECT_VERSION = 1;
				GENERATE_INFOPLIST_FILE = YES;
				IPHONEOS_DEPLOYMENT_TARGET = 16.2;
				MARKETING_VERSION = 1.0;
				PRODUCT_BUNDLE_IDENTIFIER = "klu6-tch87.luminary-frontendTests";
				PRODUCT_NAME = "$(TARGET_NAME)";
				SWIFT_EMIT_LOC_STRINGS = NO;
				SWIFT_VERSION = 5.0;
				TARGETED_DEVICE_FAMILY = "1,2";
				TEST_HOST = "$(BUILT_PRODUCTS_DIR)/luminary-frontend.app/$(BUNDLE_EXECUTABLE_FOLDER_PATH)/luminary-frontend";
			};
			name = Debug;
		};
		2F82CD442ED29F520012C3C9 /* Release */ = {
			isa = XCBuildConfiguration;
			buildSettings = {
				ALWAYS_EMBED_SWIFT_STANDARD_LIBRARIES = YES;
				BUNDLE_LOADER = "$(TEST_HOST)";
				CODE_SIGN_STYLE = Automatic;
				CURRENT_PROJECT_VERSION = 1;
				GENERATE_INFOPLIST_FILE = YES;
				IPHONEOS_DEPLOYMENT_TARGET = 16.2;
				MARKETING_VERSION = 1.0;
				PRODUCT_BUNDLE_IDENTIFIER = "klu6-tch87.luminary-frontendTests";
				PRODUCT_NAME = "$(TARGET_NAME)";
				SWIFT_EMIT_LOC_STRINGS = NO;
				SWIFT_VERSION = 5.0;
				TARGETED_DEVICE_FAMILY = "1,2";
				TEST_HOST = "$(BUILT_PRODUCTS_DIR)/luminary-frontend.app/$(BUNDLE_EXECUTABLE_FOLDER_PATH)/luminary-frontend";
			};
			name = Release;
		};
		2F82CD462ED29F520012C3C9 /* Debug */ = {
			isa = XCBuildConfiguration;
			buildSettings = {
				ALWAYS_EMBED_SWIFT_STANDARD_LIBRARIES = YES;
				CODE_SIGN_STYLE = Automatic;
				CURRENT_PROJECT_VERSION = 1;
				GENERATE_INFOPLIST_FILE = YES;
				MARKETING_VERSION = 1.0;
				PRODUCT_BUNDLE_IDENTIFIER = "klu6-tch87.luminary-frontendUITests";
				PRODUCT_NAME = "$(TARGET_NAME)";
				SWIFT_EMIT_LOC_STRINGS = NO;
				SWIFT_VERSION = 5.0;
				TARGETED_DEVICE_FAMILY = "1,2";
				TEST_TARGET_NAME = "luminary-frontend";
			};
			name = Debug;
		};
		2F82CD472ED29F520012C3C9 /* Release */ = {
			isa = XCBuildConfiguration;
			buildSettings = {
				ALWAYS_EMBED_SWIFT_STANDARD_LIBRARIES = YES;
				CODE_SIGN_STYLE = Automatic;
				CURRENT_PROJECT_VERSION = 1;
				GENERATE_INFOPLIST_FILE = YES;
				MARKETING_VERSION = 1.0;
				PRODUCT_BUNDLE_IDENTIFIER = "klu6-tch87.luminary-frontendUITests";
				PRODUCT_NAME = "$(TARGET_NAME)";
				SWIFT_EMIT_LOC_STRINGS = NO;
				SWIFT_VERSION = 5.0;
				TARGETED_DEVICE_FAMILY = "1,2";
				TEST_TARGET_NAME = "luminary-frontend";
			};
			name = Release;
		};
/* End XCBuildConfiguration section */

/* Begin XCConfigurationList section */
		2F82CD162ED29F4E0012C3C9 /* Build configuration list for PBXProject "luminary-frontend" */ = {
			isa = XCConfigurationList;
			buildConfigurations = (
				2F82CD3D2ED29F520012C3C9 /* Debug */,
				2F82CD3E2ED29F520012C3C9 /* Release */,
			);
			defaultConfigurationIsVisible = 0;
			defaultConfigurationName = Release;
		};
		2F82CD3F2ED29F520012C3C9 /* Build configuration list for PBXNativeTarget "luminary-frontend" */ = {
			isa = XCConfigurationList;
			buildConfigurations = (
				2F82CD402ED29F520012C3C9 /* Debug */,
				2F82CD412ED29F520012C3C9 /* Release */,
			);
			defaultConfigurationIsVisible = 0;
			defaultConfigurationName = Release;
		};
		2F82CD422ED29F520012C3C9 /* Build configuration list for PBXNativeTarget "luminary-frontendTests" */ = {
			isa = XCConfigurationList;
			buildConfigurations = (
				2F82CD432ED29F520012C3C9 /* Debug */,
				2F82CD442ED29F520012C3C9 /* Release */,
			);
			defaultConfigurationIsVisible = 0;
			defaultConfigurationName = Release;
		};
		2F82CD452ED29F520012C3C9 /* Build configuration list for PBXNativeTarget "luminary-frontendUITests" */ = {
			isa = XCConfigurationList;
			buildConfigurations = (
				2F82CD462ED29F520012C3C9 /* Debug */,
				2F82CD472ED29F520012C3C9 /* Release */,
			);
			defaultConfigurationIsVisible = 0;
			defaultConfigurationName = Release;
		};
/* End XCConfigurationList section */

/* Begin XCRemoteSwiftPackageReference section */
		2F82CD562ED2AC600012C3C9 /* XCRemoteSwiftPackageReference "Alamofire" */ = {
			isa = XCRemoteSwiftPackageReference;
			repositoryURL = "https://github.com/Alamofire/Alamofire.git";
			requirement = {
				kind = upToNextMajorVersion;
				minimumVersion = 5.0.0;
			};
		};
/* End XCRemoteSwiftPackageReference section */

/* Begin XCSwiftPackageProductDependency section */
		2F82CD572ED2AC600012C3C9 /* Alamofire */ = {
			isa = XCSwiftPackageProductDependency;
			package = 2F82CD562ED2AC600012C3C9 /* XCRemoteSwiftPackageReference "Alamofire" */;
			productName = Alamofire;
		};
/* End XCSwiftPackageProductDependency section */
	};
	rootObject = 2F82CD132ED29F4E0012C3C9 /* Project object */;
}
